
Microsoft Visual Studio Solution File, Format Version 12.00
# Visual Studio Version 16
VisualStudioVersion = 16.0.29209.62
MinimumVisualStudioVersion = 10.0.40219.1
Project("{FAE04EC0-301F-11D3-BF4B-00C04F79EFBC}") = "Api.FoodTruck.FoodTruckApi", "Api.FoodTruck.FoodTruckApi\Api.FoodTruck.FoodTruckApi.csproj", "{2CF21573-9D18-4924-BBF8-00A6C6BDD847}"
EndProject
Project("{2150E333-8FDC-42A3-9474-1A3956D46DE8}") = "DataManagement", "DataManagement", "{54811A2A-98A3-478F-9B07-5DA3B7684BEE}"
EndProject
Project("{FAE04EC0-301F-11D3-BF4B-00C04F79EFBC}") = "Api.FoodTruck.DataManagement.Location.Definition", "Api.FoodTruck.DataManagement.Location\Api.FoodTruck.DataManagement.Location.Definition.csproj", "{7C49AC4B-C3E3-44CD-A9B4-599E8A4E2FAA}"
EndProject
Project("{2150E333-8FDC-42A3-9474-1A3956D46DE8}") = "Location", "Location", "{A4CB3A58-AC37-40DC-9AB5-8137B4DDF74E}"
EndProject
Project("{FAE04EC0-301F-11D3-BF4B-00C04F79EFBC}") = "Api.FoodTruck.DataManagement.Location.Persistence", "Api.FoodTruck.DataManagement.Loation.Persistence\Api.FoodTruck.DataManagement.Location.Persistence.csproj", "{A1CD718F-192D-44E2-8DEC-760C7620725A}"
EndProject
Project("{FAE04EC0-301F-11D3-BF4B-00C04F79EFBC}") = "Api.FoodTruck.DataManagement.Utilities", "Api.FoodTruck.DataManagement.Utilities\Api.FoodTruck.DataManagement.Utilities.csproj", "{F1F493F0-6B7C-40A4-AD25-84C2BBEB3629}"
EndProject
Project("{FAE04EC0-301F-11D3-BF4B-00C04F79EFBC}") = "LocationWithQueries", "LocationWithQueries\LocationWithQueries.csproj", "{CC22F439-F449-4E28-9080-B657420A2DD8}"
EndProject
Project("{9A19103F-16F7-4668-BE54-9A1E7A4F7556}") = "LinhFoodTruck.Website", "LinhFoodTruck.Website\LinhFoodTruck.Website.csproj", "{9DD87F02-4780-4AC7-A0DC-4C5D37B2125C}"
EndProject
Global
	GlobalSection(SolutionConfigurationPlatforms) = preSolution
		Debug|Any CPU = Debug|Any CPU
		Release|Any CPU = Release|Any CPU
	EndGlobalSection
	GlobalSection(ProjectConfigurationPlatforms) = postSolution
		{2CF21573-9D18-4924-BBF8-00A6C6BDD847}.Debug|Any CPU.ActiveCfg = Debug|Any CPU
		{2CF21573-9D18-4924-BBF8-00A6C6BDD847}.Debug|Any CPU.Build.0 = Debug|Any CPU
		{2CF21573-9D18-4924-BBF8-00A6C6BDD847}.Release|Any CPU.ActiveCfg = Release|Any CPU
		{2CF21573-9D18-4924-BBF8-00A6C6BDD847}.Release|Any CPU.Build.0 = Release|Any CPU
		{7C49AC4B-C3E3-44CD-A9B4-599E8A4E2FAA}.Debug|Any CPU.ActiveCfg = Debug|Any CPU
		{7C49AC4B-C3E3-44CD-A9B4-599E8A4E2FAA}.Debug|Any CPU.Build.0 = Debug|Any CPU
		{7C49AC4B-C3E3-44CD-A9B4-599E8A4E2FAA}.Release|Any CPU.ActiveCfg = Release|Any CPU
		{7C49AC4B-C3E3-44CD-A9B4-599E8A4E2FAA}.Release|Any CPU.Build.0 = Release|Any CPU
		{A1CD718F-192D-44E2-8DEC-760C7620725A}.Debug|Any CPU.ActiveCfg = Debug|Any CPU
		{A1CD718F-192D-44E2-8DEC-760C7620725A}.Debug|Any CPU.Build.0 = Debug|Any CPU
		{A1CD718F-192D-44E2-8DEC-760C7620725A}.Release|Any CPU.ActiveCfg = Release|Any CPU
		{A1CD718F-192D-44E2-8DEC-760C7620725A}.Release|Any CPU.Build.0 = Release|Any CPU
		{F1F493F0-6B7C-40A4-AD25-84C2BBEB3629}.Debug|Any CPU.ActiveCfg = Debug|Any CPU
		{F1F493F0-6B7C-40A4-AD25-84C2BBEB3629}.Debug|Any CPU.Build.0 = Debug|Any CPU
		{F1F493F0-6B7C-40A4-AD25-84C2BBEB3629}.Release|Any CPU.ActiveCfg = Release|Any CPU
		{F1F493F0-6B7C-40A4-AD25-84C2BBEB3629}.Release|Any CPU.Build.0 = Release|Any CPU
		{CC22F439-F449-4E28-9080-B657420A2DD8}.Debug|Any CPU.ActiveCfg = Debug|Any CPU
		{CC22F439-F449-4E28-9080-B657420A2DD8}.Debug|Any CPU.Build.0 = Debug|Any CPU
		{CC22F439-F449-4E28-9080-B657420A2DD8}.Release|Any CPU.ActiveCfg = Release|Any CPU
		{CC22F439-F449-4E28-9080-B657420A2DD8}.Release|Any CPU.Build.0 = Release|Any CPU
		{9DD87F02-4780-4AC7-A0DC-4C5D37B2125C}.Debug|Any CPU.ActiveCfg = Debug|Any CPU
		{9DD87F02-4780-4AC7-A0DC-4C5D37B2125C}.Debug|Any CPU.Build.0 = Debug|Any CPU
		{9DD87F02-4780-4AC7-A0DC-4C5D37B2125C}.Release|Any CPU.ActiveCfg = Release|Any CPU
		{9DD87F02-4780-4AC7-A0DC-4C5D37B2125C}.Release|Any CPU.Build.0 = Release|Any CPU
	EndGlobalSection
	GlobalSection(SolutionProperties) = preSolution
		HideSolutionNode = FALSE
	EndGlobalSection
	GlobalSection(NestedProjects) = preSolution
		{7C49AC4B-C3E3-44CD-A9B4-599E8A4E2FAA} = {A4CB3A58-AC37-40DC-9AB5-8137B4DDF74E}
		{A4CB3A58-AC37-40DC-9AB5-8137B4DDF74E} = {54811A2A-98A3-478F-9B07-5DA3B7684BEE}
		{A1CD718F-192D-44E2-8DEC-760C7620725A} = {A4CB3A58-AC37-40DC-9AB5-8137B4DDF74E}
		{F1F493F0-6B7C-40A4-AD25-84C2BBEB3629} = {54811A2A-98A3-478F-9B07-5DA3B7684BEE}
		{CC22F439-F449-4E28-9080-B657420A2DD8} = {A4CB3A58-AC37-40DC-9AB5-8137B4DDF74E}
	EndGlobalSection
	GlobalSection(ExtensibilityGlobals) = postSolution
		SolutionGuid = {57BDA4F5-004C-4AF5-BBDE-07888BC82405}
	EndGlobalSection
EndGlobal
